
Microsoft Visual Studio Solution File, Format Version 12.00
# Visual Studio 14
VisualStudioVersion = 14.0.25420.1
MinimumVisualStudioVersion = 10.0.40219.1
Project("{2150E333-8FDC-42A3-9474-1A3956D46DE8}") = "01.UI", "01.UI", "{2C7D484A-CF51-4563-84BB-047000292EB1}"
EndProject
Project("{FAE04EC0-301F-11D3-BF4B-00C04F79EFBC}") = "ZSZ.AdminWeb.Tests", "ZSZ.AdminWeb.Tests\ZSZ.AdminWeb.Tests.csproj", "{DFAAFD49-919C-410D-99A2-CEC8999A327E}"
EndProject
Project("{2150E333-8FDC-42A3-9474-1A3956D46DE8}") = "02.Service", "02.Service", "{9E9E74DC-0AA9-4F32-8137-DE02EA637953}"
EndProject
Project("{2150E333-8FDC-42A3-9474-1A3956D46DE8}") = "03.Reposity", "03.Reposity", "{8CF3DF20-C808-48E3-9780-897F3E4EE5B0}"
EndProject
Project("{FAE04EC0-301F-11D3-BF4B-00C04F79EFBC}") = "ZSZ.IDAL", "ZSZ.IDAL\ZSZ.IDAL.csproj", "{3F5C92AC-31C6-4F38-8C29-2256643A5B68}"
EndProject
Project("{2150E333-8FDC-42A3-9474-1A3956D46DE8}") = "04.Model", "04.Model", "{380AA280-F90B-4770-B5A9-793F83A367F1}"
EndProject
Project("{FAE04EC0-301F-11D3-BF4B-00C04F79EFBC}") = "ZSZ.Model", "ZSZ.Model\ZSZ.Model.csproj", "{CA4EB8DB-BD51-494E-9E7A-873BABCAD86A}"
EndProject
Project("{2150E333-8FDC-42A3-9474-1A3956D46DE8}") = "05.Common", "05.Common", "{8E079E8E-7180-4B1D-88D5-D8729B3FBA3B}"
EndProject
Project("{FAE04EC0-301F-11D3-BF4B-00C04F79EFBC}") = "ZSZ.Common", "ZSZ.Common\ZSZ.Common.csproj", "{648530A6-65BE-4A34-9D20-57917B434FC0}"
EndProject
Project("{2150E333-8FDC-42A3-9474-1A3956D46DE8}") = "06.Units", "06.Units", "{4EC7B742-EB67-4F66-BE2F-ABA3AC02C214}"
EndProject
Project("{FAE04EC0-301F-11D3-BF4B-00C04F79EFBC}") = "ZSZ.DAL", "ZSZ.DAL\ZSZ.DAL.csproj", "{9A930F5D-34CB-429E-9439-6D08FFB113AE}"
EndProject
Project("{FAE04EC0-301F-11D3-BF4B-00C04F79EFBC}") = "ZSZ.AdminWeb", "ZSZ.AdminWeb\ZSZ.AdminWeb.csproj", "{BC715B17-3D42-4FAA-9B1F-5770F1FC45B5}"
EndProject
Project("{FAE04EC0-301F-11D3-BF4B-00C04F79EFBC}") = "ZSZ.Service", "ZSZ.Service\ZSZ.Service.csproj", "{4125ADE5-82AA-48F3-BC08-74F636AF2530}"
EndProject
Project("{FAE04EC0-301F-11D3-BF4B-00C04F79EFBC}") = "ZSZ.IService", "ZSZ.IService\ZSZ.IService.csproj", "{F5152AF7-A1AA-47AA-A640-99B2846565DA}"
EndProject
Project("{FAE04EC0-301F-11D3-BF4B-00C04F79EFBC}") = "MySimpleTest", "MySimpleTest\MySimpleTest.csproj", "{5064A53C-CE38-467A-93E1-28B2AE50FB81}"
EndProject
Global
	GlobalSection(SolutionConfigurationPlatforms) = preSolution
		Debug|Any CPU = Debug|Any CPU
		Release|Any CPU = Release|Any CPU
	EndGlobalSection
	GlobalSection(ProjectConfigurationPlatforms) = postSolution
		{DFAAFD49-919C-410D-99A2-CEC8999A327E}.Debug|Any CPU.ActiveCfg = Debug|Any CPU
		{DFAAFD49-919C-410D-99A2-CEC8999A327E}.Debug|Any CPU.Build.0 = Debug|Any CPU
		{DFAAFD49-919C-410D-99A2-CEC8999A327E}.Release|Any CPU.ActiveCfg = Release|Any CPU
		{DFAAFD49-919C-410D-99A2-CEC8999A327E}.Release|Any CPU.Build.0 = Release|Any CPU
		{3F5C92AC-31C6-4F38-8C29-2256643A5B68}.Debug|Any CPU.ActiveCfg = Debug|Any CPU
		{3F5C92AC-31C6-4F38-8C29-2256643A5B68}.Debug|Any CPU.Build.0 = Debug|Any CPU
		{3F5C92AC-31C6-4F38-8C29-2256643A5B68}.Release|Any CPU.ActiveCfg = Release|Any CPU
		{3F5C92AC-31C6-4F38-8C29-2256643A5B68}.Release|Any CPU.Build.0 = Release|Any CPU
		{CA4EB8DB-BD51-494E-9E7A-873BABCAD86A}.Debug|Any CPU.ActiveCfg = Debug|Any CPU
		{CA4EB8DB-BD51-494E-9E7A-873BABCAD86A}.Debug|Any CPU.Build.0 = Debug|Any CPU
		{CA4EB8DB-BD51-494E-9E7A-873BABCAD86A}.Release|Any CPU.ActiveCfg = Release|Any CPU
		{CA4EB8DB-BD51-494E-9E7A-873BABCAD86A}.Release|Any CPU.Build.0 = Release|Any CPU
		{648530A6-65BE-4A34-9D20-57917B434FC0}.Debug|Any CPU.ActiveCfg = Debug|Any CPU
		{648530A6-65BE-4A34-9D20-57917B434FC0}.Debug|Any CPU.Build.0 = Debug|Any CPU
		{648530A6-65BE-4A34-9D20-57917B434FC0}.Release|Any CPU.ActiveCfg = Release|Any CPU
		{648530A6-65BE-4A34-9D20-57917B434FC0}.Release|Any CPU.Build.0 = Release|Any CPU
		{9A930F5D-34CB-429E-9439-6D08FFB113AE}.Debug|Any CPU.ActiveCfg = Debug|Any CPU
		{9A930F5D-34CB-429E-9439-6D08FFB113AE}.Debug|Any CPU.Build.0 = Debug|Any CPU
		{9A930F5D-34CB-429E-9439-6D08FFB113AE}.Release|Any CPU.ActiveCfg = Release|Any CPU
		{9A930F5D-34CB-429E-9439-6D08FFB113AE}.Release|Any CPU.Build.0 = Release|Any CPU
		{BC715B17-3D42-4FAA-9B1F-5770F1FC45B5}.Debug|Any CPU.ActiveCfg = Debug|Any CPU
		{BC715B17-3D42-4FAA-9B1F-5770F1FC45B5}.Debug|Any CPU.Build.0 = Debug|Any CPU
		{BC715B17-3D42-4FAA-9B1F-5770F1FC45B5}.Release|Any CPU.ActiveCfg = Release|Any CPU
		{BC715B17-3D42-4FAA-9B1F-5770F1FC45B5}.Release|Any CPU.Build.0 = Release|Any CPU
		{4125ADE5-82AA-48F3-BC08-74F636AF2530}.Debug|Any CPU.ActiveCfg = Debug|Any CPU
		{4125ADE5-82AA-48F3-BC08-74F636AF2530}.Debug|Any CPU.Build.0 = Debug|Any CPU
		{4125ADE5-82AA-48F3-BC08-74F636AF2530}.Release|Any CPU.ActiveCfg = Release|Any CPU
		{4125ADE5-82AA-48F3-BC08-74F636AF2530}.Release|Any CPU.Build.0 = Release|Any CPU
		{F5152AF7-A1AA-47AA-A640-99B2846565DA}.Debug|Any CPU.ActiveCfg = Debug|Any CPU
		{F5152AF7-A1AA-47AA-A640-99B2846565DA}.Debug|Any CPU.Build.0 = Debug|Any CPU
		{F5152AF7-A1AA-47AA-A640-99B2846565DA}.Release|Any CPU.ActiveCfg = Release|Any CPU
		{F5152AF7-A1AA-47AA-A640-99B2846565DA}.Release|Any CPU.Build.0 = Release|Any CPU
		{5064A53C-CE38-467A-93E1-28B2AE50FB81}.Debug|Any CPU.ActiveCfg = Debug|Any CPU
		{5064A53C-CE38-467A-93E1-28B2AE50FB81}.Debug|Any CPU.Build.0 = Debug|Any CPU
		{5064A53C-CE38-467A-93E1-28B2AE50FB81}.Release|Any CPU.ActiveCfg = Release|Any CPU
		{5064A53C-CE38-467A-93E1-28B2AE50FB81}.Release|Any CPU.Build.0 = Release|Any CPU
	EndGlobalSection
	GlobalSection(SolutionProperties) = preSolution
		HideSolutionNode = FALSE
	EndGlobalSection
	GlobalSection(NestedProjects) = preSolution
		{DFAAFD49-919C-410D-99A2-CEC8999A327E} = {4EC7B742-EB67-4F66-BE2F-ABA3AC02C214}
		{3F5C92AC-31C6-4F38-8C29-2256643A5B68} = {8CF3DF20-C808-48E3-9780-897F3E4EE5B0}
		{CA4EB8DB-BD51-494E-9E7A-873BABCAD86A} = {380AA280-F90B-4770-B5A9-793F83A367F1}
		{648530A6-65BE-4A34-9D20-57917B434FC0} = {8E079E8E-7180-4B1D-88D5-D8729B3FBA3B}
		{9A930F5D-34CB-429E-9439-6D08FFB113AE} = {8CF3DF20-C808-48E3-9780-897F3E4EE5B0}
		{BC715B17-3D42-4FAA-9B1F-5770F1FC45B5} = {2C7D484A-CF51-4563-84BB-047000292EB1}
		{4125ADE5-82AA-48F3-BC08-74F636AF2530} = {9E9E74DC-0AA9-4F32-8137-DE02EA637953}
		{F5152AF7-A1AA-47AA-A640-99B2846565DA} = {9E9E74DC-0AA9-4F32-8137-DE02EA637953}
		{5064A53C-CE38-467A-93E1-28B2AE50FB81} = {4EC7B742-EB67-4F66-BE2F-ABA3AC02C214}
	EndGlobalSection
EndGlobal
